
Microsoft Visual Studio Solution File, Format Version 12.00
# Visual Studio Version 16
VisualStudioVersion = 16.0.31205.134
MinimumVisualStudioVersion = 10.0.40219.1
Project("{FAE04EC0-301F-11D3-BF4B-00C04F79EFBC}") = "Primes", "Primes\Primes.csproj", "{18D37FA6-4BFA-45F9-B88B-B2CB5894E009}"
EndProject
Project("{FAE04EC0-301F-11D3-BF4B-00C04F79EFBC}") = "Primes.Common", "Primes.Common\Primes.Common.csproj", "{8765A43E-8C86-48FD-8525-4948536B5F08}"
EndProject
Project("{FAE04EC0-301F-11D3-BF4B-00C04F79EFBC}") = "JobManagement", "JobManagement\JobManagement.csproj", "{F8C30429-B143-43BE-879A-39671121ADCC}"
EndProject
Project("{FAE04EC0-301F-11D3-BF4B-00C04F79EFBC}") = "PrimesSVC", "PrimesSVC\PrimesSVC.csproj", "{CCFB8628-8B37-435E-9637-6B27A89D01D3}"
EndProject
Project("{FAE04EC0-301F-11D3-BF4B-00C04F79EFBC}") = "PrimesTester", "PrimesTester\PrimesTester.csproj", "{EF685B51-E2D5-46FC-B51C-923CB9283940}"
EndProject
Project("{FAE04EC0-301F-11D3-BF4B-00C04F79EFBC}") = "PrimesUpdater", "PrimesUpdater\PrimesUpdater.csproj", "{444AEB4C-C360-4FF4-A027-16AF5EA3BD1D}"
EndProject
Project("{FAE04EC0-301F-11D3-BF4B-00C04F79EFBC}") = "BatchDistributer", "BatchDistributer\BatchDistributer.csproj", "{35E43D89-F5ED-40B8-A7BE-2867CD32377E}"
EndProject
Project("{FAE04EC0-301F-11D3-BF4B-00C04F79EFBC}") = "PrimesTools", "PrimesTools\PrimesTools.csproj", "{DD05A858-F9AC-4E13-B85B-A1025230DCF1}"
EndProject
Global
	GlobalSection(SolutionConfigurationPlatforms) = preSolution
		Debug|Any CPU = Debug|Any CPU
		Debug|x64 = Debug|x64
		Release|Any CPU = Release|Any CPU
		Release|x64 = Release|x64
	EndGlobalSection
	GlobalSection(ProjectConfigurationPlatforms) = postSolution
		{18D37FA6-4BFA-45F9-B88B-B2CB5894E009}.Debug|Any CPU.ActiveCfg = Debug|Any CPU
		{18D37FA6-4BFA-45F9-B88B-B2CB5894E009}.Debug|Any CPU.Build.0 = Debug|Any CPU
		{18D37FA6-4BFA-45F9-B88B-B2CB5894E009}.Debug|x64.ActiveCfg = Debug|Any CPU
		{18D37FA6-4BFA-45F9-B88B-B2CB5894E009}.Debug|x64.Build.0 = Debug|Any CPU
		{18D37FA6-4BFA-45F9-B88B-B2CB5894E009}.Release|Any CPU.ActiveCfg = Release|Any CPU
		{18D37FA6-4BFA-45F9-B88B-B2CB5894E009}.Release|Any CPU.Build.0 = Release|Any CPU
		{18D37FA6-4BFA-45F9-B88B-B2CB5894E009}.Release|x64.ActiveCfg = Release|Any CPU
		{18D37FA6-4BFA-45F9-B88B-B2CB5894E009}.Release|x64.Build.0 = Release|Any CPU
		{8765A43E-8C86-48FD-8525-4948536B5F08}.Debug|Any CPU.ActiveCfg = Debug|Any CPU
		{8765A43E-8C86-48FD-8525-4948536B5F08}.Debug|Any CPU.Build.0 = Debug|Any CPU
		{8765A43E-8C86-48FD-8525-4948536B5F08}.Debug|x64.ActiveCfg = Debug|Any CPU
		{8765A43E-8C86-48FD-8525-4948536B5F08}.Debug|x64.Build.0 = Debug|Any CPU
		{8765A43E-8C86-48FD-8525-4948536B5F08}.Release|Any CPU.ActiveCfg = Release|Any CPU
		{8765A43E-8C86-48FD-8525-4948536B5F08}.Release|Any CPU.Build.0 = Release|Any CPU
		{8765A43E-8C86-48FD-8525-4948536B5F08}.Release|x64.ActiveCfg = Release|Any CPU
		{8765A43E-8C86-48FD-8525-4948536B5F08}.Release|x64.Build.0 = Release|Any CPU
		{F8C30429-B143-43BE-879A-39671121ADCC}.Debug|Any CPU.ActiveCfg = Debug|Any CPU
		{F8C30429-B143-43BE-879A-39671121ADCC}.Debug|Any CPU.Build.0 = Debug|Any CPU
		{F8C30429-B143-43BE-879A-39671121ADCC}.Debug|x64.ActiveCfg = Debug|Any CPU
		{F8C30429-B143-43BE-879A-39671121ADCC}.Debug|x64.Build.0 = Debug|Any CPU
		{F8C30429-B143-43BE-879A-39671121ADCC}.Release|Any CPU.ActiveCfg = Release|Any CPU
		{F8C30429-B143-43BE-879A-39671121ADCC}.Release|Any CPU.Build.0 = Release|Any CPU
		{F8C30429-B143-43BE-879A-39671121ADCC}.Release|x64.ActiveCfg = Release|Any CPU
		{F8C30429-B143-43BE-879A-39671121ADCC}.Release|x64.Build.0 = Release|Any CPU
		{CCFB8628-8B37-435E-9637-6B27A89D01D3}.Debug|Any CPU.ActiveCfg = Debug|Any CPU
		{CCFB8628-8B37-435E-9637-6B27A89D01D3}.Debug|Any CPU.Build.0 = Debug|Any CPU
		{CCFB8628-8B37-435E-9637-6B27A89D01D3}.Debug|x64.ActiveCfg = Debug|Any CPU
		{CCFB8628-8B37-435E-9637-6B27A89D01D3}.Release|Any CPU.ActiveCfg = Release|Any CPU
		{CCFB8628-8B37-435E-9637-6B27A89D01D3}.Release|Any CPU.Build.0 = Release|Any CPU
		{CCFB8628-8B37-435E-9637-6B27A89D01D3}.Release|x64.ActiveCfg = Release|Any CPU
		{EF685B51-E2D5-46FC-B51C-923CB9283940}.Debug|Any CPU.ActiveCfg = Debug|Any CPU
		{EF685B51-E2D5-46FC-B51C-923CB9283940}.Debug|Any CPU.Build.0 = Debug|Any CPU
		{EF685B51-E2D5-46FC-B51C-923CB9283940}.Debug|x64.ActiveCfg = Debug|Any CPU
		{EF685B51-E2D5-46FC-B51C-923CB9283940}.Debug|x64.Build.0 = Debug|Any CPU
		{EF685B51-E2D5-46FC-B51C-923CB9283940}.Release|Any CPU.ActiveCfg = Release|Any CPU
		{EF685B51-E2D5-46FC-B51C-923CB9283940}.Release|Any CPU.Build.0 = Release|Any CPU
		{EF685B51-E2D5-46FC-B51C-923CB9283940}.Release|x64.ActiveCfg = Release|Any CPU
		{EF685B51-E2D5-46FC-B51C-923CB9283940}.Release|x64.Build.0 = Release|Any CPU
		{444AEB4C-C360-4FF4-A027-16AF5EA3BD1D}.Debug|Any CPU.ActiveCfg = Debug|Any CPU
		{444AEB4C-C360-4FF4-A027-16AF5EA3BD1D}.Debug|Any CPU.Build.0 = Debug|Any CPU
		{444AEB4C-C360-4FF4-A027-16AF5EA3BD1D}.Debug|x64.ActiveCfg = Debug|Any CPU
		{444AEB4C-C360-4FF4-A027-16AF5EA3BD1D}.Debug|x64.Build.0 = Debug|Any CPU
		{444AEB4C-C360-4FF4-A027-16AF5EA3BD1D}.Release|Any CPU.ActiveCfg = Release|Any CPU
		{444AEB4C-C360-4FF4-A027-16AF5EA3BD1D}.Release|Any CPU.Build.0 = Release|Any CPU
		{444AEB4C-C360-4FF4-A027-16AF5EA3BD1D}.Release|x64.ActiveCfg = Release|Any CPU
		{444AEB4C-C360-4FF4-A027-16AF5EA3BD1D}.Release|x64.Build.0 = Release|Any CPU
		{35E43D89-F5ED-40B8-A7BE-2867CD32377E}.Debug|Any CPU.ActiveCfg = Debug|Any CPU
		{35E43D89-F5ED-40B8-A7BE-2867CD32377E}.Debug|Any CPU.Build.0 = Debug|Any CPU
		{35E43D89-F5ED-40B8-A7BE-2867CD32377E}.Debug|x64.ActiveCfg = Debug|Any CPU
		{35E43D89-F5ED-40B8-A7BE-2867CD32377E}.Debug|x64.Build.0 = Debug|Any CPU
		{35E43D89-F5ED-40B8-A7BE-2867CD32377E}.Release|Any CPU.ActiveCfg = Release|Any CPU
		{35E43D89-F5ED-40B8-A7BE-2867CD32377E}.Release|Any CPU.Build.0 = Release|Any CPU
		{35E43D89-F5ED-40B8-A7BE-2867CD32377E}.Release|x64.ActiveCfg = Release|Any CPU
		{35E43D89-F5ED-40B8-A7BE-2867CD32377E}.Release|x64.Build.0 = Release|Any CPU
		{DD05A858-F9AC-4E13-B85B-A1025230DCF1}.Debug|Any CPU.ActiveCfg = Debug|Any CPU
		{DD05A858-F9AC-4E13-B85B-A1025230DCF1}.Debug|Any CPU.Build.0 = Debug|Any CPU
		{DD05A858-F9AC-4E13-B85B-A1025230DCF1}.Debug|x64.ActiveCfg = Debug|Any CPU
		{DD05A858-F9AC-4E13-B85B-A1025230DCF1}.Debug|x64.Build.0 = Debug|Any CPU
		{DD05A858-F9AC-4E13-B85B-A1025230DCF1}.Release|Any CPU.ActiveCfg = Release|Any CPU
		{DD05A858-F9AC-4E13-B85B-A1025230DCF1}.Release|Any CPU.Build.0 = Release|Any CPU
		{DD05A858-F9AC-4E13-B85B-A1025230DCF1}.Release|x64.ActiveCfg = Release|Any CPU
		{DD05A858-F9AC-4E13-B85B-A1025230DCF1}.Release|x64.Build.0 = Release|Any CPU
	EndGlobalSection
	GlobalSection(SolutionProperties) = preSolution
		HideSolutionNode = FALSE
	EndGlobalSection
	GlobalSection(ExtensibilityGlobals) = postSolution
		SolutionGuid = {41631893-6155-4C2B-98D1-E018F2BBED8C}
	EndGlobalSection
EndGlobal
