
Microsoft Visual Studio Solution File, Format Version 12.00
# Visual Studio Version 17
VisualStudioVersion = 17.0.32126.317
MinimumVisualStudioVersion = 10.0.40219.1
Project("{9A19103F-16F7-4668-BE54-9A1E7A4F7556}") = "Primes", "Primes\Primes.csproj", "{18D37FA6-4BFA-45F9-B88B-B2CB5894E009}"
EndProject
Project("{9A19103F-16F7-4668-BE54-9A1E7A4F7556}") = "Primes.Common", "Primes.Common\Primes.Common.csproj", "{8765A43E-8C86-48FD-8525-4948536B5F08}"
EndProject
Project("{9A19103F-16F7-4668-BE54-9A1E7A4F7556}") = "JobManagement", "JobManagement\JobManagement.csproj", "{F8C30429-B143-43BE-879A-39671121ADCC}"
EndProject
Project("{9A19103F-16F7-4668-BE54-9A1E7A4F7556}") = "PrimesTester", "PrimesTester\PrimesTester.csproj", "{EF685B51-E2D5-46FC-B51C-923CB9283940}"
EndProject
Project("{9A19103F-16F7-4668-BE54-9A1E7A4F7556}") = "PrimesTools", "PrimesTools\PrimesTools.csproj", "{DD05A858-F9AC-4E13-B85B-A1025230DCF1}"
EndProject
Project("{9A19103F-16F7-4668-BE54-9A1E7A4F7556}") = "PrimesInstaller", "PrimesInstaller\PrimesInstaller.csproj", "{4867EE03-21B3-4179-959E-BE8E5391668C}"
EndProject
Project("{9A19103F-16F7-4668-BE54-9A1E7A4F7556}") = "DidasUtils", "DidasUtils\DidasUtils\DidasUtils.csproj", "{A3536456-4A04-4CF8-AAF8-D0B97F4AB534}"
EndProject
Project("{2150E333-8FDC-42A3-9474-1A3956D46DE8}") = "Solution Items", "Solution Items", "{9CB2A753-F6C5-487B-A5BC-19597F1E80D5}"
	ProjectSection(SolutionItems) = preProject
		Resources\versions.xml = Resources\versions.xml
	EndProjectSection
EndProject
Project("{9A19103F-16F7-4668-BE54-9A1E7A4F7556}") = "PrimesUI", "PrimesUI\PrimesUI.csproj", "{9F5C8DB9-17E7-4846-B5FA-B994A0C9CE15}"
EndProject
Project("{2150E333-8FDC-42A3-9474-1A3956D46DE8}") = "ToReplace", "ToReplace", "{8A37DF04-A42E-446D-A606-EA3D46951148}"
EndProject
Project("{9A19103F-16F7-4668-BE54-9A1E7A4F7556}") = "PrimesSVC", "PrimesSVC\PrimesSVC.csproj", "{5E13B97A-EF59-4A44-825A-C7F5906930CF}"
EndProject
Project("{9A19103F-16F7-4668-BE54-9A1E7A4F7556}") = "BatchServer", "BatchServer\BatchServer.csproj", "{384A416B-4B76-4C35-90E5-5CD4FE51A47E}"
EndProject
Project("{8BC9CEB8-8B4A-11D0-8D11-00A0C91BC942}") = "Primes.Core", "Primes.Core\Primes.Core.vcxproj", "{919A2176-B86E-47DF-96FE-7F7AD20F551A}"
EndProject
Global
	GlobalSection(SolutionConfigurationPlatforms) = preSolution
		Debug|Any CPU = Debug|Any CPU
		Debug|x64 = Debug|x64
		Debug|x86 = Debug|x86
		Release|Any CPU = Release|Any CPU
		Release|x64 = Release|x64
		Release|x86 = Release|x86
	EndGlobalSection
	GlobalSection(ProjectConfigurationPlatforms) = postSolution
		{18D37FA6-4BFA-45F9-B88B-B2CB5894E009}.Debug|Any CPU.ActiveCfg = Release|Any CPU
		{18D37FA6-4BFA-45F9-B88B-B2CB5894E009}.Debug|Any CPU.Build.0 = Release|Any CPU
		{18D37FA6-4BFA-45F9-B88B-B2CB5894E009}.Debug|x64.ActiveCfg = Debug|Any CPU
		{18D37FA6-4BFA-45F9-B88B-B2CB5894E009}.Debug|x64.Build.0 = Debug|Any CPU
		{18D37FA6-4BFA-45F9-B88B-B2CB5894E009}.Debug|x86.ActiveCfg = Debug|Any CPU
		{18D37FA6-4BFA-45F9-B88B-B2CB5894E009}.Release|Any CPU.ActiveCfg = Release|Any CPU
		{18D37FA6-4BFA-45F9-B88B-B2CB5894E009}.Release|Any CPU.Build.0 = Release|Any CPU
		{18D37FA6-4BFA-45F9-B88B-B2CB5894E009}.Release|x64.ActiveCfg = Release|Any CPU
		{18D37FA6-4BFA-45F9-B88B-B2CB5894E009}.Release|x64.Build.0 = Release|Any CPU
		{18D37FA6-4BFA-45F9-B88B-B2CB5894E009}.Release|x86.ActiveCfg = Release|Any CPU
		{8765A43E-8C86-48FD-8525-4948536B5F08}.Debug|Any CPU.ActiveCfg = Debug|Any CPU
		{8765A43E-8C86-48FD-8525-4948536B5F08}.Debug|Any CPU.Build.0 = Debug|Any CPU
		{8765A43E-8C86-48FD-8525-4948536B5F08}.Debug|x64.ActiveCfg = Debug|Any CPU
		{8765A43E-8C86-48FD-8525-4948536B5F08}.Debug|x64.Build.0 = Debug|Any CPU
		{8765A43E-8C86-48FD-8525-4948536B5F08}.Debug|x86.ActiveCfg = Debug|Any CPU
		{8765A43E-8C86-48FD-8525-4948536B5F08}.Debug|x86.Build.0 = Debug|Any CPU
		{8765A43E-8C86-48FD-8525-4948536B5F08}.Release|Any CPU.ActiveCfg = Release|Any CPU
		{8765A43E-8C86-48FD-8525-4948536B5F08}.Release|Any CPU.Build.0 = Release|Any CPU
		{8765A43E-8C86-48FD-8525-4948536B5F08}.Release|x64.ActiveCfg = Release|Any CPU
		{8765A43E-8C86-48FD-8525-4948536B5F08}.Release|x64.Build.0 = Release|Any CPU
		{8765A43E-8C86-48FD-8525-4948536B5F08}.Release|x86.ActiveCfg = Release|Any CPU
		{8765A43E-8C86-48FD-8525-4948536B5F08}.Release|x86.Build.0 = Release|Any CPU
		{F8C30429-B143-43BE-879A-39671121ADCC}.Debug|Any CPU.ActiveCfg = Debug|Any CPU
		{F8C30429-B143-43BE-879A-39671121ADCC}.Debug|Any CPU.Build.0 = Debug|Any CPU
		{F8C30429-B143-43BE-879A-39671121ADCC}.Debug|x64.ActiveCfg = Debug|Any CPU
		{F8C30429-B143-43BE-879A-39671121ADCC}.Debug|x64.Build.0 = Debug|Any CPU
		{F8C30429-B143-43BE-879A-39671121ADCC}.Debug|x86.ActiveCfg = Debug|Any CPU
		{F8C30429-B143-43BE-879A-39671121ADCC}.Debug|x86.Build.0 = Debug|Any CPU
		{F8C30429-B143-43BE-879A-39671121ADCC}.Release|Any CPU.ActiveCfg = Release|Any CPU
		{F8C30429-B143-43BE-879A-39671121ADCC}.Release|Any CPU.Build.0 = Release|Any CPU
		{F8C30429-B143-43BE-879A-39671121ADCC}.Release|x64.ActiveCfg = Release|Any CPU
		{F8C30429-B143-43BE-879A-39671121ADCC}.Release|x64.Build.0 = Release|Any CPU
		{F8C30429-B143-43BE-879A-39671121ADCC}.Release|x86.ActiveCfg = Release|Any CPU
		{F8C30429-B143-43BE-879A-39671121ADCC}.Release|x86.Build.0 = Release|Any CPU
		{EF685B51-E2D5-46FC-B51C-923CB9283940}.Debug|Any CPU.ActiveCfg = Debug|Any CPU
		{EF685B51-E2D5-46FC-B51C-923CB9283940}.Debug|Any CPU.Build.0 = Debug|Any CPU
		{EF685B51-E2D5-46FC-B51C-923CB9283940}.Debug|x64.ActiveCfg = Debug|Any CPU
		{EF685B51-E2D5-46FC-B51C-923CB9283940}.Debug|x64.Build.0 = Debug|Any CPU
		{EF685B51-E2D5-46FC-B51C-923CB9283940}.Debug|x86.ActiveCfg = Debug|Any CPU
		{EF685B51-E2D5-46FC-B51C-923CB9283940}.Release|Any CPU.ActiveCfg = Release|Any CPU
		{EF685B51-E2D5-46FC-B51C-923CB9283940}.Release|Any CPU.Build.0 = Release|Any CPU
		{EF685B51-E2D5-46FC-B51C-923CB9283940}.Release|x64.ActiveCfg = Release|Any CPU
		{EF685B51-E2D5-46FC-B51C-923CB9283940}.Release|x64.Build.0 = Release|Any CPU
		{EF685B51-E2D5-46FC-B51C-923CB9283940}.Release|x86.ActiveCfg = Release|Any CPU
		{DD05A858-F9AC-4E13-B85B-A1025230DCF1}.Debug|Any CPU.ActiveCfg = Debug|Any CPU
		{DD05A858-F9AC-4E13-B85B-A1025230DCF1}.Debug|Any CPU.Build.0 = Debug|Any CPU
		{DD05A858-F9AC-4E13-B85B-A1025230DCF1}.Debug|x64.ActiveCfg = Debug|Any CPU
		{DD05A858-F9AC-4E13-B85B-A1025230DCF1}.Debug|x64.Build.0 = Debug|Any CPU
		{DD05A858-F9AC-4E13-B85B-A1025230DCF1}.Debug|x86.ActiveCfg = Debug|Any CPU
		{DD05A858-F9AC-4E13-B85B-A1025230DCF1}.Release|Any CPU.ActiveCfg = Release|Any CPU
		{DD05A858-F9AC-4E13-B85B-A1025230DCF1}.Release|Any CPU.Build.0 = Release|Any CPU
		{DD05A858-F9AC-4E13-B85B-A1025230DCF1}.Release|x64.ActiveCfg = Release|Any CPU
		{DD05A858-F9AC-4E13-B85B-A1025230DCF1}.Release|x64.Build.0 = Release|Any CPU
		{DD05A858-F9AC-4E13-B85B-A1025230DCF1}.Release|x86.ActiveCfg = Release|Any CPU
		{4867EE03-21B3-4179-959E-BE8E5391668C}.Debug|Any CPU.ActiveCfg = Debug|Any CPU
		{4867EE03-21B3-4179-959E-BE8E5391668C}.Debug|Any CPU.Build.0 = Debug|Any CPU
		{4867EE03-21B3-4179-959E-BE8E5391668C}.Debug|x64.ActiveCfg = Debug|Any CPU
		{4867EE03-21B3-4179-959E-BE8E5391668C}.Debug|x64.Build.0 = Debug|Any CPU
		{4867EE03-21B3-4179-959E-BE8E5391668C}.Debug|x86.ActiveCfg = Debug|Any CPU
		{4867EE03-21B3-4179-959E-BE8E5391668C}.Release|Any CPU.ActiveCfg = Release|Any CPU
		{4867EE03-21B3-4179-959E-BE8E5391668C}.Release|Any CPU.Build.0 = Release|Any CPU
		{4867EE03-21B3-4179-959E-BE8E5391668C}.Release|x64.ActiveCfg = Release|Any CPU
		{4867EE03-21B3-4179-959E-BE8E5391668C}.Release|x64.Build.0 = Release|Any CPU
		{4867EE03-21B3-4179-959E-BE8E5391668C}.Release|x86.ActiveCfg = Release|Any CPU
		{A3536456-4A04-4CF8-AAF8-D0B97F4AB534}.Debug|Any CPU.ActiveCfg = Debug|Any CPU
		{A3536456-4A04-4CF8-AAF8-D0B97F4AB534}.Debug|Any CPU.Build.0 = Debug|Any CPU
		{A3536456-4A04-4CF8-AAF8-D0B97F4AB534}.Debug|x64.ActiveCfg = Debug|Any CPU
		{A3536456-4A04-4CF8-AAF8-D0B97F4AB534}.Debug|x64.Build.0 = Debug|Any CPU
		{A3536456-4A04-4CF8-AAF8-D0B97F4AB534}.Debug|x86.ActiveCfg = Debug|Any CPU
		{A3536456-4A04-4CF8-AAF8-D0B97F4AB534}.Debug|x86.Build.0 = Debug|Any CPU
		{A3536456-4A04-4CF8-AAF8-D0B97F4AB534}.Release|Any CPU.ActiveCfg = Release|Any CPU
		{A3536456-4A04-4CF8-AAF8-D0B97F4AB534}.Release|Any CPU.Build.0 = Release|Any CPU
		{A3536456-4A04-4CF8-AAF8-D0B97F4AB534}.Release|x64.ActiveCfg = Release|Any CPU
		{A3536456-4A04-4CF8-AAF8-D0B97F4AB534}.Release|x64.Build.0 = Release|Any CPU
		{A3536456-4A04-4CF8-AAF8-D0B97F4AB534}.Release|x86.ActiveCfg = Release|Any CPU
		{A3536456-4A04-4CF8-AAF8-D0B97F4AB534}.Release|x86.Build.0 = Release|Any CPU
		{9F5C8DB9-17E7-4846-B5FA-B994A0C9CE15}.Debug|Any CPU.ActiveCfg = Debug|Any CPU
		{9F5C8DB9-17E7-4846-B5FA-B994A0C9CE15}.Debug|Any CPU.Build.0 = Debug|Any CPU
		{9F5C8DB9-17E7-4846-B5FA-B994A0C9CE15}.Debug|x64.ActiveCfg = Debug|Any CPU
		{9F5C8DB9-17E7-4846-B5FA-B994A0C9CE15}.Debug|x64.Build.0 = Debug|Any CPU
		{9F5C8DB9-17E7-4846-B5FA-B994A0C9CE15}.Debug|x86.ActiveCfg = Debug|Any CPU
		{9F5C8DB9-17E7-4846-B5FA-B994A0C9CE15}.Release|Any CPU.ActiveCfg = Release|Any CPU
		{9F5C8DB9-17E7-4846-B5FA-B994A0C9CE15}.Release|Any CPU.Build.0 = Release|Any CPU
		{9F5C8DB9-17E7-4846-B5FA-B994A0C9CE15}.Release|x64.ActiveCfg = Release|Any CPU
		{9F5C8DB9-17E7-4846-B5FA-B994A0C9CE15}.Release|x64.Build.0 = Release|Any CPU
		{9F5C8DB9-17E7-4846-B5FA-B994A0C9CE15}.Release|x86.ActiveCfg = Release|Any CPU
		{5E13B97A-EF59-4A44-825A-C7F5906930CF}.Debug|Any CPU.ActiveCfg = Debug|Any CPU
		{5E13B97A-EF59-4A44-825A-C7F5906930CF}.Debug|Any CPU.Build.0 = Debug|Any CPU
		{5E13B97A-EF59-4A44-825A-C7F5906930CF}.Debug|x64.ActiveCfg = Debug|Any CPU
		{5E13B97A-EF59-4A44-825A-C7F5906930CF}.Debug|x64.Build.0 = Debug|Any CPU
		{5E13B97A-EF59-4A44-825A-C7F5906930CF}.Debug|x86.ActiveCfg = Debug|Any CPU
		{5E13B97A-EF59-4A44-825A-C7F5906930CF}.Release|Any CPU.ActiveCfg = Release|Any CPU
		{5E13B97A-EF59-4A44-825A-C7F5906930CF}.Release|Any CPU.Build.0 = Release|Any CPU
		{5E13B97A-EF59-4A44-825A-C7F5906930CF}.Release|x64.ActiveCfg = Release|Any CPU
		{5E13B97A-EF59-4A44-825A-C7F5906930CF}.Release|x64.Build.0 = Release|Any CPU
		{5E13B97A-EF59-4A44-825A-C7F5906930CF}.Release|x86.ActiveCfg = Release|Any CPU
		{384A416B-4B76-4C35-90E5-5CD4FE51A47E}.Debug|Any CPU.ActiveCfg = Debug|Any CPU
		{384A416B-4B76-4C35-90E5-5CD4FE51A47E}.Debug|Any CPU.Build.0 = Debug|Any CPU
		{384A416B-4B76-4C35-90E5-5CD4FE51A47E}.Debug|x64.ActiveCfg = Debug|Any CPU
		{384A416B-4B76-4C35-90E5-5CD4FE51A47E}.Debug|x64.Build.0 = Debug|Any CPU
		{384A416B-4B76-4C35-90E5-5CD4FE51A47E}.Debug|x86.ActiveCfg = Debug|Any CPU
		{384A416B-4B76-4C35-90E5-5CD4FE51A47E}.Release|Any CPU.ActiveCfg = Release|Any CPU
		{384A416B-4B76-4C35-90E5-5CD4FE51A47E}.Release|Any CPU.Build.0 = Release|Any CPU
		{384A416B-4B76-4C35-90E5-5CD4FE51A47E}.Release|x64.ActiveCfg = Release|Any CPU
		{384A416B-4B76-4C35-90E5-5CD4FE51A47E}.Release|x64.Build.0 = Release|Any CPU
		{384A416B-4B76-4C35-90E5-5CD4FE51A47E}.Release|x86.ActiveCfg = Release|Any CPU
		{919A2176-B86E-47DF-96FE-7F7AD20F551A}.Debug|Any CPU.ActiveCfg = Debug|x64
		{919A2176-B86E-47DF-96FE-7F7AD20F551A}.Debug|Any CPU.Build.0 = Debug|x64
		{919A2176-B86E-47DF-96FE-7F7AD20F551A}.Debug|x64.ActiveCfg = Debug|x64
		{919A2176-B86E-47DF-96FE-7F7AD20F551A}.Debug|x64.Build.0 = Debug|x64
		{919A2176-B86E-47DF-96FE-7F7AD20F551A}.Debug|x86.ActiveCfg = Debug|Win32
		{919A2176-B86E-47DF-96FE-7F7AD20F551A}.Debug|x86.Build.0 = Debug|Win32
		{919A2176-B86E-47DF-96FE-7F7AD20F551A}.Release|Any CPU.ActiveCfg = Release|x64
		{919A2176-B86E-47DF-96FE-7F7AD20F551A}.Release|Any CPU.Build.0 = Release|x64
		{919A2176-B86E-47DF-96FE-7F7AD20F551A}.Release|x64.ActiveCfg = Release|x64
		{919A2176-B86E-47DF-96FE-7F7AD20F551A}.Release|x64.Build.0 = Release|x64
		{919A2176-B86E-47DF-96FE-7F7AD20F551A}.Release|x86.ActiveCfg = Release|Win32
		{919A2176-B86E-47DF-96FE-7F7AD20F551A}.Release|x86.Build.0 = Release|Win32
	EndGlobalSection
	GlobalSection(SolutionProperties) = preSolution
		HideSolutionNode = FALSE
	EndGlobalSection
	GlobalSection(NestedProjects) = preSolution
		{18D37FA6-4BFA-45F9-B88B-B2CB5894E009} = {8A37DF04-A42E-446D-A606-EA3D46951148}
		{F8C30429-B143-43BE-879A-39671121ADCC} = {8A37DF04-A42E-446D-A606-EA3D46951148}
		{EF685B51-E2D5-46FC-B51C-923CB9283940} = {8A37DF04-A42E-446D-A606-EA3D46951148}
		{DD05A858-F9AC-4E13-B85B-A1025230DCF1} = {8A37DF04-A42E-446D-A606-EA3D46951148}
		{4867EE03-21B3-4179-959E-BE8E5391668C} = {8A37DF04-A42E-446D-A606-EA3D46951148}
	EndGlobalSection
	GlobalSection(ExtensibilityGlobals) = postSolution
		SolutionGuid = {41631893-6155-4C2B-98D1-E018F2BBED8C}
	EndGlobalSection
EndGlobal
