<?xml version="1.0" encoding="utf-8"?>
<Project ToolsVersion="4.0" xmlns="http://schemas.microsoft.com/developer/msbuild/2003">
  <ItemGroup>
    <Filter Include="Source Files">
      <UniqueIdentifier>{4FC737F1-C7A5-4376-A066-2A32D752A2FF}</UniqueIdentifier>
      <Extensions>cpp;c;cc;cxx;c++;cppm;ixx;def;odl;idl;hpj;bat;asm;asmx</Extensions>
    </Filter>
    <Filter Include="Header Files">
      <UniqueIdentifier>{93995380-89BD-4b04-88EB-625FBE52EBFB}</UniqueIdentifier>
      <Extensions>h;hh;hpp;hxx;h++;hm;inl;inc;ipp;xsd</Extensions>
    </Filter>
    <Filter Include="Resource Files">
      <UniqueIdentifier>{67DA6AB6-F800-4c08-8B7A-83BB121AAD01}</UniqueIdentifier>
      <Extensions>rc;ico;cur;bmp;dlg;rc2;rct;bin;rgs;gif;jpg;jpeg;jpe;resx;tiff;tif;png;wav;mfcribbon-ms</Extensions>
    </Filter>
    <Filter Include="Header Files\Primes">
      <UniqueIdentifier>{f135f1eb-d773-4ed0-b0b8-dd237d8e641c}</UniqueIdentifier>
    </Filter>
    <Filter Include="Header Files\Primes\Common">
      <UniqueIdentifier>{1e86264d-6860-43d9-b01e-eee598695848}</UniqueIdentifier>
    </Filter>
    <Filter Include="Header Files\Primes\Exec">
      <UniqueIdentifier>{845d5b44-0678-400d-ac7c-87194318f691}</UniqueIdentifier>
    </Filter>
    <Filter Include="Source Files\Primes">
      <UniqueIdentifier>{b3c0fab3-f885-4fbd-94c9-b6c3817f696b}</UniqueIdentifier>
    </Filter>
    <Filter Include="Source Files\Primes\Common">
      <UniqueIdentifier>{88da8109-6525-44a0-8e7d-b7c372fb84c9}</UniqueIdentifier>
    </Filter>
    <Filter Include="Source Files\Primes\Exec">
      <UniqueIdentifier>{6bacf253-81d1-4ca6-aad2-c6b34213333c}</UniqueIdentifier>
    </Filter>
    <Filter Include="Source Files\Primes\Common\Files">
      <UniqueIdentifier>{38ce32c6-a4cf-491f-91d7-f86775964f26}</UniqueIdentifier>
    </Filter>
    <Filter Include="Header Files\Primes\Common\Files">
      <UniqueIdentifier>{44140e21-356e-412b-914a-b14de4c51a15}</UniqueIdentifier>
    </Filter>
  </ItemGroup>
  <ItemGroup>
    <ClCompile Include="ConsoleIO.cpp">
      <Filter>Source Files</Filter>
    </ClCompile>
    <ClCompile Include="Primes.Exec.Worker.cpp">
      <Filter>Source Files\Primes\Exec</Filter>
    </ClCompile>
    <ClCompile Include="Primes.Common.cpp">
      <Filter>Source Files\Primes\Common</Filter>
    </ClCompile>
    <ClCompile Include="Primes.Common.Files.PrimeJob.cpp">
      <Filter>Source Files\Primes\Common\Files</Filter>
    </ClCompile>
    <ClCompile Include="PrimesCpp.cpp">
      <Filter>Source Files\Primes\Exec</Filter>
    </ClCompile>
  </ItemGroup>
  <ItemGroup>
    <ClInclude Include="ConsoleIO.h">
      <Filter>Header Files</Filter>
    </ClInclude>
    <ClInclude Include="ShortTypeNames.h">
      <Filter>Header Files</Filter>
    </ClInclude>
    <ClInclude Include="Primes.Common.h">
      <Filter>Header Files\Primes\Common</Filter>
    </ClInclude>
    <ClInclude Include="Primes.Exec.Worker.h">
      <Filter>Header Files\Primes\Exec</Filter>
    </ClInclude>
    <ClInclude Include="Primes.Common.Files.PrimeJob.h">
      <Filter>Header Files\Primes\Common\Files</Filter>
    </ClInclude>
    <ClInclude Include="PrimesCpp.h">
      <Filter>Header Files\Primes\Exec</Filter>
    </ClInclude>
  </ItemGroup>
</Project>