<?xml version="1.0" encoding="utf-8"?>
<Project ToolsVersion="4.0" xmlns="http://schemas.microsoft.com/developer/msbuild/2003">
  <ItemGroup>
    <ClCompile Include="..\PrimesCUDA\Primes.CUDA.LIB.cu" />
  </ItemGroup>
  <ItemGroup>
    <ClInclude Include="..\PrimesCUDA\Primes.CUDA.cuh" />
    <ClInclude Include="..\PrimesCUDA\Primes.CUDA.LIB.h" />
  </ItemGroup>
</Project>